
Microsoft Visual Studio Solution File, Format Version 12.00
# Visual Studio Version 17
VisualStudioVersion = 17.7.34031.279
MinimumVisualStudioVersion = 10.0.40219.1
Project("{FAE04EC0-301F-11D3-BF4B-00C04F79EFBC}") = "Task1", "Task1\Task1.csproj", "{DDC45EAC-F7F1-49EF-BEC5-4A0AE6601872}"
EndProject
Project("{FAE04EC0-301F-11D3-BF4B-00C04F79EFBC}") = "Task2", "Task2\Task2.csproj", "{00B55AE5-C05A-46BA-9F35-05D9D369A071}"
EndProject
Global
	GlobalSection(SolutionConfigurationPlatforms) = preSolution
		Debug|Any CPU = Debug|Any CPU
		Release|Any CPU = Release|Any CPU
	EndGlobalSection
	GlobalSection(ProjectConfigurationPlatforms) = postSolution
		{DDC45EAC-F7F1-49EF-BEC5-4A0AE6601872}.Debug|Any CPU.ActiveCfg = Debug|Any CPU
		{DDC45EAC-F7F1-49EF-BEC5-4A0AE6601872}.Debug|Any CPU.Build.0 = Debug|Any CPU
		{DDC45EAC-F7F1-49EF-BEC5-4A0AE6601872}.Release|Any CPU.ActiveCfg = Release|Any CPU
		{DDC45EAC-F7F1-49EF-BEC5-4A0AE6601872}.Release|Any CPU.Build.0 = Release|Any CPU
		{00B55AE5-C05A-46BA-9F35-05D9D369A071}.Debug|Any CPU.ActiveCfg = Debug|Any CPU
		{00B55AE5-C05A-46BA-9F35-05D9D369A071}.Debug|Any CPU.Build.0 = Debug|Any CPU
		{00B55AE5-C05A-46BA-9F35-05D9D369A071}.Release|Any CPU.ActiveCfg = Release|Any CPU
		{00B55AE5-C05A-46BA-9F35-05D9D369A071}.Release|Any CPU.Build.0 = Release|Any CPU
	EndGlobalSection
	GlobalSection(SolutionProperties) = preSolution
		HideSolutionNode = FALSE
	EndGlobalSection
	GlobalSection(ExtensibilityGlobals) = postSolution
		SolutionGuid = {BCF1A44F-4553-40BB-8FDF-2612D16EB98F}
	EndGlobalSection
EndGlobal
